{
  "nodes": {
    "nixpkgs": {
      "locked": {
        "lastModified": 1642940213,
        "narHash": "sha256-LXGwfPrtbhix9IRUT2phtbJsur41lkTsrKcTcS0lzIc=",
        "owner": "NixOS",
        "repo": "nixpkgs",
        "rev": "8ca77a63599ed951d6a2d244c1d62092776a3fe1",
        "type": "github"
      },
      "original": {
        "owner": "NixOS",
        "repo": "nixpkgs",
        "rev": "8ca77a63599ed951d6a2d244c1d62092776a3fe1",
        "type": "github"
      }
    },
    "overlays": {
      "locked": {
        "lastModified": 1642861482,
        "narHash": "sha256-yubYKws/g4LReVEy/y7cpJjXs3JGRUttpR8hgjaPGxA=",
        "owner": "dpaetzel",
        "repo": "overlays",
        "rev": "d3e0907efa9d87394869047902fc00a4721972dd",
        "type": "github"
      },
      "original": {
        "owner": "dpaetzel",
        "repo": "overlays",
        "type": "github"
      }
    },
    "root": {
      "inputs": {
        "nixpkgs": "nixpkgs",
        "overlays": "overlays"
      }
    }
  },
  "root": "root",
  "version": 7
}
