{
  "nodes": {
    "nixpkgs": {
      "locked": {
        "lastModified": 1642609835,
        "narHash": "sha256-ZwJnV4mdis28u5vH240ec2mrApuEJYJekn23qlTwJ8c=",
        "owner": "NixOS",
        "repo": "nixpkgs",
        "rev": "77aa71f66fd05d9e7b7d1c084865d703a8008ab7",
        "type": "github"
      },
      "original": {
        "owner": "NixOS",
        "ref": "nixos-21.11",
        "repo": "nixpkgs",
        "type": "github"
      }
    },
    "overlays": {
      "locked": {
        "lastModified": 1639481218,
        "narHash": "sha256-67wlhb/jyZM6rKw9ogFRu02l/7E9yWB+Ifiz0tpDDE8=",
        "owner": "dpaetzel",
        "repo": "overlays",
        "rev": "335e67f0abfbc8a493b2bd6fe23e3f74da96dac2",
        "type": "github"
      },
      "original": {
        "owner": "dpaetzel",
        "repo": "overlays",
        "type": "github"
      }
    },
    "root": {
      "inputs": {
        "nixpkgs": "nixpkgs",
        "overlays": "overlays"
      }
    }
  },
  "root": "root",
  "version": 7
}
